// !$*UTF8*$!
{
	archiveVersion = 1;
	classes = {
	};
	objectVersion = 50;
	objects = {

/* Begin PBXBuildFile section */
		071D75BA23210686008E041B /* AppDelegate.swift in Sources */ = {isa = PBXBuildFile; fileRef = 071D75B923210686008E041B /* AppDelegate.swift */; };
		071D75BC23210686008E041B /* ViewController.swift in Sources */ = {isa = PBXBuildFile; fileRef = 071D75BB23210686008E041B /* ViewController.swift */; };
		071D75BF23210686008E041B /* Main.storyboard in Resources */ = {isa = PBXBuildFile; fileRef = 071D75BD23210686008E041B /* Main.storyboard */; };
		071D75C123210687008E041B /* Assets.xcassets in Resources */ = {isa = PBXBuildFile; fileRef = 071D75C023210687008E041B /* Assets.xcassets */; };
		071D75C423210687008E041B /* LaunchScreen.storyboard in Resources */ = {isa = PBXBuildFile; fileRef = 071D75C223210687008E041B /* LaunchScreen.storyboard */; };
		071D75CF23210688008E041B /* NestScrollViewDemoTests.swift in Sources */ = {isa = PBXBuildFile; fileRef = 071D75CE23210688008E041B /* NestScrollViewDemoTests.swift */; };
		071D75DA23210688008E041B /* NestScrollViewDemoUITests.swift in Sources */ = {isa = PBXBuildFile; fileRef = 071D75D923210688008E041B /* NestScrollViewDemoUITests.swift */; };
		071D75E823210E49008E041B /* BaseScrollView.swift in Sources */ = {isa = PBXBuildFile; fileRef = 071D75E723210E49008E041B /* BaseScrollView.swift */; };
		071D75EA23210EDC008E041B /* BaseTableView.swift in Sources */ = {isa = PBXBuildFile; fileRef = 071D75E923210EDC008E041B /* BaseTableView.swift */; };
/* End PBXBuildFile section */

/* Begin PBXContainerItemProxy section */
		071D75CB23210688008E041B /* PBXContainerItemProxy */ = {
			isa = PBXContainerItemProxy;
			containerPortal = 071D75AE23210686008E041B /* Project object */;
			proxyType = 1;
			remoteGlobalIDString = 071D75B523210686008E041B;
			remoteInfo = NestScrollViewDemo;
		};
		071D75D623210688008E041B /* PBXContainerItemProxy */ = {
			isa = PBXContainerItemProxy;
			containerPortal = 071D75AE23210686008E041B /* Project object */;
			proxyType = 1;
			remoteGlobalIDString = 071D75B523210686008E041B;
			remoteInfo = NestScrollViewDemo;
		};
/* End PBXContainerItemProxy section */

/* Begin PBXFileReference section */
		071D75B623210686008E041B /* NestScrollViewDemo.app */ = {isa = PBXFileReference; explicitFileType = wrapper.application; includeInIndex = 0; path = NestScrollViewDemo.app; sourceTree = BUILT_PRODUCTS_DIR; };
		071D75B923210686008E041B /* AppDelegate.swift */ = {isa = PBXFileReference; lastKnownFileType = sourcecode.swift; path = AppDelegate.swift; sourceTree = "<group>"; };
		071D75BB23210686008E041B /* ViewController.swift */ = {isa = PBXFileReference; lastKnownFileType = sourcecode.swift; path = ViewController.swift; sourceTree = "<group>"; };
		071D75BE23210686008E041B /* Base */ = {isa = PBXFileReference; lastKnownFileType = file.storyboard; name = Base; path = Base.lproj/Main.storyboard; sourceTree = "<group>"; };
		071D75C023210687008E041B /* Assets.xcassets */ = {isa = PBXFileReference; lastKnownFileType = folder.assetcatalog; path = Assets.xcassets; sourceTree = "<group>"; };
		071D75C323210687008E041B /* Base */ = {isa = PBXFileReference; lastKnownFileType = file.storyboard; name = Base; path = Base.lproj/LaunchScreen.storyboard; sourceTree = "<group>"; };
		071D75C523210687008E041B /* Info.plist */ = {isa = PBXFileReference; lastKnownFileType = text.plist.xml; path = Info.plist; sourceTree = "<group>"; };
		071D75CA23210688008E041B /* NestScrollViewDemoTests.xctest */ = {isa = PBXFileReference; explicitFileType = wrapper.cfbundle; includeInIndex = 0; path = NestScrollViewDemoTests.xctest; sourceTree = BUILT_PRODUCTS_DIR; };
		071D75CE23210688008E041B /* NestScrollViewDemoTests.swift */ = {isa = PBXFileReference; lastKnownFileType = sourcecode.swift; path = NestScrollViewDemoTests.swift; sourceTree = "<group>"; };
		071D75D023210688008E041B /* Info.plist */ = {isa = PBXFileReference; lastKnownFileType = text.plist.xml; path = Info.plist; sourceTree = "<group>"; };
		071D75D523210688008E041B /* NestScrollViewDemoUITests.xctest */ = {isa = PBXFileReference; explicitFileType = wrapper.cfbundle; includeInIndex = 0; path = NestScrollViewDemoUITests.xctest; sourceTree = BUILT_PRODUCTS_DIR; };
		071D75D923210688008E041B /* NestScrollViewDemoUITests.swift */ = {isa = PBXFileReference; lastKnownFileType = sourcecode.swift; path = NestScrollViewDemoUITests.swift; sourceTree = "<group>"; };
		071D75DB23210688008E041B /* Info.plist */ = {isa = PBXFileReference; lastKnownFileType = text.plist.xml; path = Info.plist; sourceTree = "<group>"; };
		071D75E723210E49008E041B /* BaseScrollView.swift */ = {isa = PBXFileReference; lastKnownFileType = sourcecode.swift; path = BaseScrollView.swift; sourceTree = "<group>"; };
		071D75E923210EDC008E041B /* BaseTableView.swift */ = {isa = PBXFileReference; lastKnownFileType = sourcecode.swift; path = BaseTableView.swift; sourceTree = "<group>"; };
/* End PBXFileReference section */

/* Begin PBXFrameworksBuildPhase section */
		071D75B323210686008E041B /* Frameworks */ = {
			isa = PBXFrameworksBuildPhase;
			buildActionMask = 2147483647;
			files = (
			);
			runOnlyForDeploymentPostprocessing = 0;
		};
		071D75C723210688008E041B /* Frameworks */ = {
			isa = PBXFrameworksBuildPhase;
			buildActionMask = 2147483647;
			files = (
			);
			runOnlyForDeploymentPostprocessing = 0;
		};
		071D75D223210688008E041B /* Frameworks */ = {
			isa = PBXFrameworksBuildPhase;
			buildActionMask = 2147483647;
			files = (
			);
			runOnlyForDeploymentPostprocessing = 0;
		};
/* End PBXFrameworksBuildPhase section */

/* Begin PBXGroup section */
		071D75AD23210686008E041B = {
			isa = PBXGroup;
			children = (
				071D75B823210686008E041B /* NestScrollViewDemo */,
				071D75CD23210688008E041B /* NestScrollViewDemoTests */,
				071D75D823210688008E041B /* NestScrollViewDemoUITests */,
				071D75B723210686008E041B /* Products */,
			);
			sourceTree = "<group>";
		};
		071D75B723210686008E041B /* Products */ = {
			isa = PBXGroup;
			children = (
				071D75B623210686008E041B /* NestScrollViewDemo.app */,
				071D75CA23210688008E041B /* NestScrollViewDemoTests.xctest */,
				071D75D523210688008E041B /* NestScrollViewDemoUITests.xctest */,
			);
			name = Products;
			sourceTree = "<group>";
		};
		071D75B823210686008E041B /* NestScrollViewDemo */ = {
			isa = PBXGroup;
			children = (
				071D75B923210686008E041B /* AppDelegate.swift */,
				071D75BB23210686008E041B /* ViewController.swift */,
				071D75BD23210686008E041B /* Main.storyboard */,
				071D75C023210687008E041B /* Assets.xcassets */,
				071D75C223210687008E041B /* LaunchScreen.storyboard */,
				071D75C523210687008E041B /* Info.plist */,
				071D75E723210E49008E041B /* BaseScrollView.swift */,
				071D75E923210EDC008E041B /* BaseTableView.swift */,
			);
			path = NestScrollViewDemo;
			sourceTree = "<group>";
		};
		071D75CD23210688008E041B /* NestScrollViewDemoTests */ = {
			isa = PBXGroup;
			children = (
				071D75CE23210688008E041B /* NestScrollViewDemoTests.swift */,
				071D75D023210688008E041B /* Info.plist */,
			);
			path = NestScrollViewDemoTests;
			sourceTree = "<group>";
		};
		071D75D823210688008E041B /* NestScrollViewDemoUITests */ = {
			isa = PBXGroup;
			children = (
				071D75D923210688008E041B /* NestScrollViewDemoUITests.swift */,
				071D75DB23210688008E041B /* Info.plist */,
			);
			path = NestScrollViewDemoUITests;
			sourceTree = "<group>";
		};
/* End PBXGroup section */

/* Begin PBXNativeTarget section */
		071D75B523210686008E041B /* NestScrollViewDemo */ = {
			isa = PBXNativeTarget;
			buildConfigurationList = 071D75DE23210688008E041B /* Build configuration list for PBXNativeTarget "NestScrollViewDemo" */;
			buildPhases = (
				071D75B223210686008E041B /* Sources */,
				071D75B323210686008E041B /* Frameworks */,
				071D75B423210686008E041B /* Resources */,
			);
			buildRules = (
			);
			dependencies = (
			);
			name = NestScrollViewDemo;
			productName = NestScrollViewDemo;
			productReference = 071D75B623210686008E041B /* NestScrollViewDemo.app */;
			productType = "com.apple.product-type.application";
		};
		071D75C923210688008E041B /* NestScrollViewDemoTests */ = {
			isa = PBXNativeTarget;
			buildConfigurationList = 071D75E123210688008E041B /* Build configuration list for PBXNativeTarget "NestScrollViewDemoTests" */;
			buildPhases = (
				071D75C623210688008E041B /* Sources */,
				071D75C723210688008E041B /* Frameworks */,
				071D75C823210688008E041B /* Resources */,
			);
			buildRules = (
			);
			dependencies = (
				071D75CC23210688008E041B /* PBXTargetDependency */,
			);
			name = NestScrollViewDemoTests;
			productName = NestScrollViewDemoTests;
			productReference = 071D75CA23210688008E041B /* NestScrollViewDemoTests.xctest */;
			productType = "com.apple.product-type.bundle.unit-test";
		};
		071D75D423210688008E041B /* NestScrollViewDemoUITests */ = {
			isa = PBXNativeTarget;
			buildConfigurationList = 071D75E423210688008E041B /* Build configuration list for PBXNativeTarget "NestScrollViewDemoUITests" */;
			buildPhases = (
				071D75D123210688008E041B /* Sources */,
				071D75D223210688008E041B /* Frameworks */,
				071D75D323210688008E041B /* Resources */,
			);
			buildRules = (
			);
			dependencies = (
				071D75D723210688008E041B /* PBXTargetDependency */,
			);
			name = NestScrollViewDemoUITests;
			productName = NestScrollViewDemoUITests;
			productReference = 071D75D523210688008E041B /* NestScrollViewDemoUITests.xctest */;
			productType = "com.apple.product-type.bundle.ui-testing";
		};
/* End PBXNativeTarget section */

/* Begin PBXProject section */
		071D75AE23210686008E041B /* Project object */ = {
			isa = PBXProject;
			attributes = {
				LastSwiftUpdateCheck = 1030;
				LastUpgradeCheck = 1030;
				ORGANIZATIONNAME = leeyii;
				TargetAttributes = {
					071D75B523210686008E041B = {
						CreatedOnToolsVersion = 10.3;
					};
					071D75C923210688008E041B = {
						CreatedOnToolsVersion = 10.3;
						TestTargetID = 071D75B523210686008E041B;
					};
					071D75D423210688008E041B = {
						CreatedOnToolsVersion = 10.3;
						TestTargetID = 071D75B523210686008E041B;
					};
				};
			};
			buildConfigurationList = 071D75B123210686008E041B /* Build configuration list for PBXProject "NestScrollViewDemo" */;
			compatibilityVersion = "Xcode 9.3";
			developmentRegion = en;
			hasScannedForEncodings = 0;
			knownRegions = (
				en,
				Base,
			);
			mainGroup = 071D75AD23210686008E041B;
			productRefGroup = 071D75B723210686008E041B /* Products */;
			projectDirPath = "";
			projectRoot = "";
			targets = (
				071D75B523210686008E041B /* NestScrollViewDemo */,
				071D75C923210688008E041B /* NestScrollViewDemoTests */,
				071D75D423210688008E041B /* NestScrollViewDemoUITests */,
			);
		};
/* End PBXProject section */

/* Begin PBXResourcesBuildPhase section */
		071D75B423210686008E041B /* Resources */ = {
			isa = PBXResourcesBuildPhase;
			buildActionMask = 2147483647;
			files = (
				071D75C423210687008E041B /* LaunchScreen.storyboard in Resources */,
				071D75C123210687008E041B /* Assets.xcassets in Resources */,
				071D75BF23210686008E041B /* Main.storyboard in Resources */,
			);
			runOnlyForDeploymentPostprocessing = 0;
		};
		071D75C823210688008E041B /* Resources */ = {
			isa = PBXResourcesBuildPhase;
			buildActionMask = 2147483647;
			files = (
			);
			runOnlyForDeploymentPostprocessing = 0;
		};
		071D75D323210688008E041B /* Resources */ = {
			isa = PBXResourcesBuildPhase;
			buildActionMask = 2147483647;
			files = (
			);
			runOnlyForDeploymentPostprocessing = 0;
		};
/* End PBXResourcesBuildPhase section */

/* Begin PBXSourcesBuildPhase section */
		071D75B223210686008E041B /* Sources */ = {
			isa = PBXSourcesBuildPhase;
			buildActionMask = 2147483647;
			files = (
				071D75EA23210EDC008E041B /* BaseTableView.swift in Sources */,
				071D75E823210E49008E041B /* BaseScrollView.swift in Sources */,
				071D75BC23210686008E041B /* ViewController.swift in Sources */,
				071D75BA23210686008E041B /* AppDelegate.swift in Sources */,
			);
			runOnlyForDeploymentPostprocessing = 0;
		};
		071D75C623210688008E041B /* Sources */ = {
			isa = PBXSourcesBuildPhase;
			buildActionMask = 2147483647;
			files = (
				071D75CF23210688008E041B /* NestScrollViewDemoTests.swift in Sources */,
			);
			runOnlyForDeploymentPostprocessing = 0;
		};
		071D75D123210688008E041B /* Sources */ = {
			isa = PBXSourcesBuildPhase;
			buildActionMask = 2147483647;
			files = (
				071D75DA23210688008E041B /* NestScrollViewDemoUITests.swift in Sources */,
			);
			runOnlyForDeploymentPostprocessing = 0;
		};
/* End PBXSourcesBuildPhase section */

/* Begin PBXTargetDependency section */
		071D75CC23210688008E041B /* PBXTargetDependency */ = {
			isa = PBXTargetDependency;
			target = 071D75B523210686008E041B /* NestScrollViewDemo */;
			targetProxy = 071D75CB23210688008E041B /* PBXContainerItemProxy */;
		};
		071D75D723210688008E041B /* PBXTargetDependency */ = {
			isa = PBXTargetDependency;
			target = 071D75B523210686008E041B /* NestScrollViewDemo */;
			targetProxy = 071D75D623210688008E041B /* PBXContainerItemProxy */;
		};
/* End PBXTargetDependency section */

/* Begin PBXVariantGroup section */
		071D75BD23210686008E041B /* Main.storyboard */ = {
			isa = PBXVariantGroup;
			children = (
				071D75BE23210686008E041B /* Base */,
			);
			name = Main.storyboard;
			sourceTree = "<group>";
		};
		071D75C223210687008E041B /* LaunchScreen.storyboard */ = {
			isa = PBXVariantGroup;
			children = (
				071D75C323210687008E041B /* Base */,
			);
			name = LaunchScreen.storyboard;
			sourceTree = "<group>";
		};
/* End PBXVariantGroup section */

/* Begin XCBuildConfiguration section */
		071D75DC23210688008E041B /* Debug */ = {
			isa = XCBuildConfiguration;
			buildSettings = {
				ALWAYS_SEARCH_USER_PATHS = NO;
				CLANG_ANALYZER_NONNULL = YES;
				CLANG_ANALYZER_NUMBER_OBJECT_CONVERSION = YES_AGGRESSIVE;
				CLANG_CXX_LANGUAGE_STANDARD = "gnu++14";
				CLANG_CXX_LIBRARY = "libc++";
				CLANG_ENABLE_MODULES = YES;
				CLANG_ENABLE_OBJC_ARC = YES;
				CLANG_ENABLE_OBJC_WEAK = YES;
				CLANG_WARN_BLOCK_CAPTURE_AUTORELEASING = YES;
				CLANG_WARN_BOOL_CONVERSION = YES;
				CLANG_WARN_COMMA = YES;
				CLANG_WARN_CONSTANT_CONVERSION = YES;
				CLANG_WARN_DEPRECATED_OBJC_IMPLEMENTATIONS = YES;
				CLANG_WARN_DIRECT_OBJC_ISA_USAGE = YES_ERROR;
				CLANG_WARN_DOCUMENTATION_COMMENTS = YES;
				CLANG_WARN_EMPTY_BODY = YES;
				CLANG_WARN_ENUM_CONVERSION = YES;
				CLANG_WARN_INFINITE_RECURSION = YES;
				CLANG_WARN_INT_CONVERSION = YES;
				CLANG_WARN_NON_LITERAL_NULL_CONVERSION = YES;
				CLANG_WARN_OBJC_IMPLICIT_RETAIN_SELF = YES;
				CLANG_WARN_OBJC_LITERAL_CONVERSION = YES;
				CLANG_WARN_OBJC_ROOT_CLASS = YES_ERROR;
				CLANG_WARN_RANGE_LOOP_ANALYSIS = YES;
				CLANG_WARN_STRICT_PROTOTYPES = YES;
				CLANG_WARN_SUSPICIOUS_MOVE = YES;
				CLANG_WARN_UNGUARDED_AVAILABILITY = YES_AGGRESSIVE;
				CLANG_WARN_UNREACHABLE_CODE = YES;
				CLANG_WARN__DUPLICATE_METHOD_MATCH = YES;
				CODE_SIGN_IDENTITY = "iPhone Developer";
				COPY_PHASE_STRIP = NO;
				DEBUG_INFORMATION_FORMAT = dwarf;
				ENABLE_STRICT_OBJC_MSGSEND = YES;
				ENABLE_TESTABILITY = YES;
				GCC_C_LANGUAGE_STANDARD = gnu11;
				GCC_DYNAMIC_NO_PIC = NO;
				GCC_NO_COMMON_BLOCKS = YES;
				GCC_OPTIMIZATION_LEVEL = 0;
				GCC_PREPROCESSOR_DEFINITIONS = (
					"DEBUG=1",
					"$(inherited)",
				);
				GCC_WARN_64_TO_32_BIT_CONVERSION = YES;
				GCC_WARN_ABOUT_RETURN_TYPE = YES_ERROR;
				GCC_WARN_UNDECLARED_SELECTOR = YES;
				GCC_WARN_UNINITIALIZED_AUTOS = YES_AGGRESSIVE;
				GCC_WARN_UNUSED_FUNCTION = YES;
				GCC_WARN_UNUSED_VARIABLE = YES;
				IPHONEOS_DEPLOYMENT_TARGET = 12.4;
				MTL_ENABLE_DEBUG_INFO = INCLUDE_SOURCE;
				MTL_FAST_MATH = YES;
				ONLY_ACTIVE_ARCH = YES;
				SDKROOT = iphoneos;
				SWIFT_ACTIVE_COMPILATION_CONDITIONS = DEBUG;
				SWIFT_OPTIMIZATION_LEVEL = "-Onone";
			};
			name = Debug;
		};
		071D75DD23210688008E041B /* Release */ = {
			isa = XCBuildConfiguration;
			buildSettings = {
				ALWAYS_SEARCH_USER_PATHS = NO;
				CLANG_ANALYZER_NONNULL = YES;
				CLANG_ANALYZER_NUMBER_OBJECT_CONVERSION = YES_AGGRESSIVE;
				CLANG_CXX_LANGUAGE_STANDARD = "gnu++14";
				CLANG_CXX_LIBRARY = "libc++";
				CLANG_ENABLE_MODULES = YES;
				CLANG_ENABLE_OBJC_ARC = YES;
				CLANG_ENABLE_OBJC_WEAK = YES;
				CLANG_WARN_BLOCK_CAPTURE_AUTORELEASING = YES;
				CLANG_WARN_BOOL_CONVERSION = YES;
				CLANG_WARN_COMMA = YES;
				CLANG_WARN_CONSTANT_CONVERSION = YES;
				CLANG_WARN_DEPRECATED_OBJC_IMPLEMENTATIONS = YES;
				CLANG_WARN_DIRECT_OBJC_ISA_USAGE = YES_ERROR;
				CLANG_WARN_DOCUMENTATION_COMMENTS = YES;
				CLANG_WARN_EMPTY_BODY = YES;
				CLANG_WARN_ENUM_CONVERSION = YES;
				CLANG_WARN_INFINITE_RECURSION = YES;
				CLANG_WARN_INT_CONVERSION = YES;
				CLANG_WARN_NON_LITERAL_NULL_CONVERSION = YES;
				CLANG_WARN_OBJC_IMPLICIT_RETAIN_SELF = YES;
				CLANG_WARN_OBJC_LITERAL_CONVERSION = YES;
				CLANG_WARN_OBJC_ROOT_CLASS = YES_ERROR;
				CLANG_WARN_RANGE_LOOP_ANALYSIS = YES;
				CLANG_WARN_STRICT_PROTOTYPES = YES;
				CLANG_WARN_SUSPICIOUS_MOVE = YES;
				CLANG_WARN_UNGUARDED_AVAILABILITY = YES_AGGRESSIVE;
				CLANG_WARN_UNREACHABLE_CODE = YES;
				CLANG_WARN__DUPLICATE_METHOD_MATCH = YES;
				CODE_SIGN_IDENTITY = "iPhone Developer";
				COPY_PHASE_STRIP = NO;
				DEBUG_INFORMATION_FORMAT = "dwarf-with-dsym";
				ENABLE_NS_ASSERTIONS = NO;
				ENABLE_STRICT_OBJC_MSGSEND = YES;
				GCC_C_LANGUAGE_STANDARD = gnu11;
				GCC_NO_COMMON_BLOCKS = YES;
				GCC_WARN_64_TO_32_BIT_CONVERSION = YES;
				GCC_WARN_ABOUT_RETURN_TYPE = YES_ERROR;
				GCC_WARN_UNDECLARED_SELECTOR = YES;
				GCC_WARN_UNINITIALIZED_AUTOS = YES_AGGRESSIVE;
				GCC_WARN_UNUSED_FUNCTION = YES;
				GCC_WARN_UNUSED_VARIABLE = YES;
				IPHONEOS_DEPLOYMENT_TARGET = 12.4;
				MTL_ENABLE_DEBUG_INFO = NO;
				MTL_FAST_MATH = YES;
				SDKROOT = iphoneos;
				SWIFT_COMPILATION_MODE = wholemodule;
				SWIFT_OPTIMIZATION_LEVEL = "-O";
				VALIDATE_PRODUCT = YES;
			};
			name = Release;
		};
		071D75DF23210688008E041B /* Debug */ = {
			isa = XCBuildConfiguration;
			buildSettings = {
				ASSETCATALOG_COMPILER_APPICON_NAME = AppIcon;
				CODE_SIGN_STYLE = Automatic;
				DEVELOPMENT_TEAM = KVUQLH6ZXA;
				INFOPLIST_FILE = NestScrollViewDemo/Info.plist;
				LD_RUNPATH_SEARCH_PATHS = (
					"$(inherited)",
					"@executable_path/Frameworks",
				);
				PRODUCT_BUNDLE_IDENTIFIER = com.NestScrollViewDemo;
				PRODUCT_NAME = "$(TARGET_NAME)";
				SWIFT_VERSION = 5.0;
				TARGETED_DEVICE_FAMILY = "1,2";
			};
			name = Debug;
		};
		071D75E023210688008E041B /* Release */ = {
			isa = XCBuildConfiguration;
			buildSettings = {
				ASSETCATALOG_COMPILER_APPICON_NAME = AppIcon;
				CODE_SIGN_STYLE = Automatic;
				DEVELOPMENT_TEAM = KVUQLH6ZXA;
				INFOPLIST_FILE = NestScrollViewDemo/Info.plist;
				LD_RUNPATH_SEARCH_PATHS = (
					"$(inherited)",
					"@executable_path/Frameworks",
				);
				PRODUCT_BUNDLE_IDENTIFIER = com.NestScrollViewDemo;
				PRODUCT_NAME = "$(TARGET_NAME)";
				SWIFT_VERSION = 5.0;
				TARGETED_DEVICE_FAMILY = "1,2";
			};
			name = Release;
		};
		071D75E223210688008E041B /* Debug */ = {
			isa = XCBuildConfiguration;
			buildSettings = {
				ALWAYS_EMBED_SWIFT_STANDARD_LIBRARIES = YES;
				BUNDLE_LOADER = "$(TEST_HOST)";
				CODE_SIGN_STYLE = Automatic;
				INFOPLIST_FILE = NestScrollViewDemoTests/Info.plist;
				LD_RUNPATH_SEARCH_PATHS = (
					"$(inherited)",
					"@executable_path/Frameworks",
					"@loader_path/Frameworks",
				);
				PRODUCT_BUNDLE_IDENTIFIER = com.NestScrollViewDemoTests;
				PRODUCT_NAME = "$(TARGET_NAME)";
				SWIFT_VERSION = 5.0;
				TARGETED_DEVICE_FAMILY = "1,2";
				TEST_HOST = "$(BUILT_PRODUCTS_DIR)/NestScrollViewDemo.app/NestScrollViewDemo";
			};
			name = Debug;
		};
		071D75E323210688008E041B /* Release */ = {
			isa = XCBuildConfiguration;
			buildSettings = {
				ALWAYS_EMBED_SWIFT_STANDARD_LIBRARIES = YES;
				BUNDLE_LOADER = "$(TEST_HOST)";
				CODE_SIGN_STYLE = Automatic;
				INFOPLIST_FILE = NestScrollViewDemoTests/Info.plist;
				LD_RUNPATH_SEARCH_PATHS = (
					"$(inherited)",
					"@executable_path/Frameworks",
					"@loader_path/Frameworks",
				);
				PRODUCT_BUNDLE_IDENTIFIER = com.NestScrollViewDemoTests;
				PRODUCT_NAME = "$(TARGET_NAME)";
				SWIFT_VERSION = 5.0;
				TARGETED_DEVICE_FAMILY = "1,2";
				TEST_HOST = "$(BUILT_PRODUCTS_DIR)/NestScrollViewDemo.app/NestScrollViewDemo";
			};
			name = Release;
		};
		071D75E523210688008E041B /* Debug */ = {
			isa = XCBuildConfiguration;
			buildSettings = {
				ALWAYS_EMBED_SWIFT_STANDARD_LIBRARIES = YES;
				CODE_SIGN_STYLE = Automatic;
				INFOPLIST_FILE = NestScrollViewDemoUITests/Info.plist;
				LD_RUNPATH_SEARCH_PATHS = (
					"$(inherited)",
					"@executable_path/Frameworks",
					"@loader_path/Frameworks",
				);
				PRODUCT_BUNDLE_IDENTIFIER = com.NestScrollViewDemoUITests;
				PRODUCT_NAME = "$(TARGET_NAME)";
				SWIFT_VERSION = 5.0;
				TARGETED_DEVICE_FAMILY = "1,2";
				TEST_TARGET_NAME = NestScrollViewDemo;
			};
			name = Debug;
		};
		071D75E623210688008E041B /* Release */ = {
			isa = XCBuildConfiguration;
			buildSettings = {
				ALWAYS_EMBED_SWIFT_STANDARD_LIBRARIES = YES;
				CODE_SIGN_STYLE = Automatic;
				INFOPLIST_FILE = NestScrollViewDemoUITests/Info.plist;
				LD_RUNPATH_SEARCH_PATHS = (
					"$(inherited)",
					"@executable_path/Frameworks",
					"@loader_path/Frameworks",
				);
				PRODUCT_BUNDLE_IDENTIFIER = com.NestScrollViewDemoUITests;
				PRODUCT_NAME = "$(TARGET_NAME)";
				SWIFT_VERSION = 5.0;
				TARGETED_DEVICE_FAMILY = "1,2";
				TEST_TARGET_NAME = NestScrollViewDemo;
			};
			name = Release;
		};
/* End XCBuildConfiguration section */

/* Begin XCConfigurationList section */
		071D75B123210686008E041B /* Build configuration list for PBXProject "NestScrollViewDemo" */ = {
			isa = XCConfigurationList;
			buildConfigurations = (
				071D75DC23210688008E041B /* Debug */,
				071D75DD23210688008E041B /* Release */,
			);
			defaultConfigurationIsVisible = 0;
			defaultConfigurationName = Release;
		};
		071D75DE23210688008E041B /* Build configuration list for PBXNativeTarget "NestScrollViewDemo" */ = {
			isa = XCConfigurationList;
			buildConfigurations = (
				071D75DF23210688008E041B /* Debug */,
				071D75E023210688008E041B /* Release */,
			);
			defaultConfigurationIsVisible = 0;
			defaultConfigurationName = Release;
		};
		071D75E123210688008E041B /* Build configuration list for PBXNativeTarget "NestScrollViewDemoTests" */ = {
			isa = XCConfigurationList;
			buildConfigurations = (
				071D75E223210688008E041B /* Debug */,
				071D75E323210688008E041B /* Release */,
			);
			defaultConfigurationIsVisible = 0;
			defaultConfigurationName = Release;
		};
		071D75E423210688008E041B /* Build configuration list for PBXNativeTarget "NestScrollViewDemoUITests" */ = {
			isa = XCConfigurationList;
			buildConfigurations = (
				071D75E523210688008E041B /* Debug */,
				071D75E623210688008E041B /* Release */,
			);
			defaultConfigurationIsVisible = 0;
			defaultConfigurationName = Release;
		};
/* End XCConfigurationList section */
	};
	rootObject = 071D75AE23210686008E041B /* Project object */;
}
